
Microsoft Visual Studio Solution File, Format Version 12.00
# Visual Studio Version 17
VisualStudioVersion = 17.2.32630.192
MinimumVisualStudioVersion = 10.0.40219.1
Project("{FAE04EC0-301F-11D3-BF4B-00C04F79EFBC}") = "PortScanner", "PortScanner\PortScanner.csproj", "{5C436FD7-5956-4D9E-A74D-1F5A34992E4F}"
EndProject
Global
	GlobalSection(SolutionConfigurationPlatforms) = preSolution
		Debug|Any CPU = Debug|Any CPU
		Release|Any CPU = Release|Any CPU
	EndGlobalSection
	GlobalSection(ProjectConfigurationPlatforms) = postSolution
		{5C436FD7-5956-4D9E-A74D-1F5A34992E4F}.Debug|Any CPU.ActiveCfg = Debug|Any CPU
		{5C436FD7-5956-4D9E-A74D-1F5A34992E4F}.Debug|Any CPU.Build.0 = Debug|Any CPU
		{5C436FD7-5956-4D9E-A74D-1F5A34992E4F}.Release|Any CPU.ActiveCfg = Release|Any CPU
		{5C436FD7-5956-4D9E-A74D-1F5A34992E4F}.Release|Any CPU.Build.0 = Release|Any CPU
	EndGlobalSection
	GlobalSection(SolutionProperties) = preSolution
		HideSolutionNode = FALSE
	EndGlobalSection
	GlobalSection(ExtensibilityGlobals) = postSolution
		SolutionGuid = {F91646E4-4DAA-4A6B-AB04-F538A36945AF}
	EndGlobalSection
EndGlobal
